
Microsoft Visual Studio Solution File, Format Version 12.00
# Visual Studio Version 17
VisualStudioVersion = 17.8.34330.188
MinimumVisualStudioVersion = 10.0.40219.1
Project("{FAE04EC0-301F-11D3-BF4B-00C04F79EFBC}") = "DeckMaster", "DeckMaster.csproj", "{8EB8AA3F-54D6-4673-970C-8480310CD317}"
EndProject
Global
	GlobalSection(SolutionConfigurationPlatforms) = preSolution
		Debug|Any CPU = Debug|Any CPU
		Release|Any CPU = Release|Any CPU
	EndGlobalSection
	GlobalSection(ProjectConfigurationPlatforms) = postSolution
		{8EB8AA3F-54D6-4673-970C-8480310CD317}.Debug|Any CPU.ActiveCfg = Debug|Any CPU
		{8EB8AA3F-54D6-4673-970C-8480310CD317}.Debug|Any CPU.Build.0 = Debug|Any CPU
		{8EB8AA3F-54D6-4673-970C-8480310CD317}.Release|Any CPU.ActiveCfg = Release|Any CPU
		{8EB8AA3F-54D6-4673-970C-8480310CD317}.Release|Any CPU.Build.0 = Release|Any CPU
	EndGlobalSection
	GlobalSection(SolutionProperties) = preSolution
		HideSolutionNode = FALSE
	EndGlobalSection
	GlobalSection(ExtensibilityGlobals) = postSolution
		SolutionGuid = {5F9777D2-4F62-4E9A-966F-68B66C03B77E}
	EndGlobalSection
EndGlobal
